{
  "name": "@aniojs/node-fs",
  "version": "0.4.0",
  "lockfileVersion": 3,
  "requires": true,
  "packages": {
    "": {
      "name": "@aniojs/node-fs",
      "version": "0.4.0",
      "license": "MIT",
      "devDependencies": {
        "@aniojs/node-fs-clean-directory": "^0.1.3",
        "@aniojs/node-fs-copy": "^0.1.2",
        "@aniojs/node-fs-file": "^0.3.0",
        "@aniojs/node-fs-is": "^0.1.3",
        "@aniojs/node-fs-mkdirp": "^0.1.3",
        "@aniojs/node-fs-path-type": "^1.0.4",
        "@aniojs/node-fs-remove": "^0.1.4",
        "@aniojs/node-fs-resolve": "^0.0.1",
        "@aniojs/node-fs-scandir": "^0.2.2",
        "@aniojs/node-fs-tmp": "^0.1.2",
        "@fourtune/core": "^0.1101.0",
        "@fourtune/realm-js": "^0.31000.5",
        "fourtune": "^0.30000.1"
      },
      "engines": {
        "node": ">=22.7.x"
      },
      "peerDependencies": {
        "@types/node": ">=22.7.x"
      }
    },
    "node_modules/@anio-js-foundation/str-colorize": {
      "version": "2.1.0",
      "resolved": "https://registry.npmjs.org/@anio-js-foundation/str-colorize/-/str-colorize-2.1.0.tgz",
      "integrity": "sha512-p3ZIaBZGdMzX52jdHHlhl2c2sgqhhvtBQ6AQSoQ5lmvkpmDZga9/b172xhrSRx0gQH8/g94m+5wRwUjBOh6Z0w==",
      "dev": true
    },
    "node_modules/@anio-node-foundation/cli-parse-args": {
      "version": "3.0.0",
      "resolved": "https://registry.npmjs.org/@anio-node-foundation/cli-parse-args/-/cli-parse-args-3.0.0.tgz",
      "integrity": "sha512-1/4iUcVKuZyLT7EMxyZogXgU6RfWklohWU0g5hsGOUEBqgKQ4PgePDrO6mUMw6neCBuQLbxAEhD/K+9kg6lGgg==",
      "dev": true
    },
    "node_modules/@anio-software/fs": {
      "version": "0.6.0",
      "resolved": "https://registry.npmjs.org/@anio-software/fs/-/fs-0.6.0.tgz",
      "integrity": "sha512-wjVq+gY+tqovkE2aXnBoAL7k4yycvLvcRitLIT05TmjvafbnG/7kfsqqGlIaZaoZC3Jd/F6+c+b+P1YMCZD8KQ==",
      "dev": true,
      "license": "MIT"
    },
    "node_modules/@aniojs/node-fs-clean-directory": {
      "version": "0.1.3",
      "resolved": "https://registry.npmjs.org/@aniojs/node-fs-clean-directory/-/node-fs-clean-directory-0.1.3.tgz",
      "integrity": "sha512-YBIpo141VHuRkm+eNFTSvhFvE+Y1qlS8z32GeHfU1EaEzoL+d7Kr3A7s4VjAV/l0+f72CmYlzQnq+TyFK4r34A==",
      "dev": true,
      "license": "MIT",
      "engines": {
        "node": ">=22.7.x"
      },
      "peerDependencies": {
        "@types/node": ">=22.7.x"
      }
    },
    "node_modules/@aniojs/node-fs-copy": {
      "version": "0.1.2",
      "resolved": "https://registry.npmjs.org/@aniojs/node-fs-copy/-/node-fs-copy-0.1.2.tgz",
      "integrity": "sha512-yJD0NSrnCccuHUcpxxsZ8OMkepzx8nY43xcFrgyD9FVPYK0d0Jh8xNaHMmyCoDaLfX3vNHDzgf/+uICvrSUDig==",
      "dev": true,
      "license": "MIT",
      "engines": {
        "node": ">=22.7.x"
      },
      "peerDependencies": {
        "@types/node": ">=22.7.x"
      }
    },
    "node_modules/@aniojs/node-fs-file": {
      "version": "0.3.0",
      "resolved": "https://registry.npmjs.org/@aniojs/node-fs-file/-/node-fs-file-0.3.0.tgz",
      "integrity": "sha512-BkPHfewTFqeApcQwzJJ6ofyd31A7bN3F4HmJdpbpp5E4XIJmV9mtMKq1pDvXWMqrO77S8FzEEy+BQnykoeab4Q==",
      "dev": true,
      "license": "MIT",
      "engines": {
        "node": ">=22.7.x"
      },
      "peerDependencies": {
        "@types/node": ">=22.7.x"
      }
    },
    "node_modules/@aniojs/node-fs-is": {
      "version": "0.1.3",
      "resolved": "https://registry.npmjs.org/@aniojs/node-fs-is/-/node-fs-is-0.1.3.tgz",
      "integrity": "sha512-x5/45XxDXOE3Samzv+1fuUcQiFmMYzPUksDaxH7Tv7TkqWN8bdzyzGA7J0WYVtXkb/r5hxw2tJAEpio98ha0Kw==",
      "dev": true,
      "license": "MIT",
      "engines": {
        "node": ">=22.7.x"
      },
      "peerDependencies": {
        "@types/node": ">=22.7.x"
      }
    },
    "node_modules/@aniojs/node-fs-mkdirp": {
      "version": "0.1.3",
      "resolved": "https://registry.npmjs.org/@aniojs/node-fs-mkdirp/-/node-fs-mkdirp-0.1.3.tgz",
      "integrity": "sha512-d6Heyj09JJh+jW7YZ/H7VFxBPzSR6vtrHQlnXCIUsPVK+KgVeUGGxbw149NnfDDWJ+HFSNeZ6OM7SStkEB5sfQ==",
      "dev": true,
      "license": "MIT",
      "engines": {
        "node": ">=22.7.x"
      },
      "peerDependencies": {
        "@types/node": ">=22.7.x"
      }
    },
    "node_modules/@aniojs/node-fs-path-type": {
      "version": "1.0.4",
      "resolved": "https://registry.npmjs.org/@aniojs/node-fs-path-type/-/node-fs-path-type-1.0.4.tgz",
      "integrity": "sha512-C6BALDLrLexCVmX2NVLFuz6td+VKnV7A8GNTSf/Tx79VYpRp7NepgXufJPW3fWkarppfLqA+Ft7DBrc2x7+Njg==",
      "dev": true,
      "license": "MIT",
      "engines": {
        "node": ">=22.7.x"
      },
      "peerDependencies": {
        "@types/node": ">=22.7.x"
      }
    },
    "node_modules/@aniojs/node-fs-remove": {
      "version": "0.1.4",
      "resolved": "https://registry.npmjs.org/@aniojs/node-fs-remove/-/node-fs-remove-0.1.4.tgz",
      "integrity": "sha512-LYs7lTRiGINrxhk5ouDmxcrFViLXRjw5QwKiLsql0u/fJes9Nry8L5Vt+NbH3O+PSAf4g0DuT7xv53stEcp3Wg==",
      "dev": true,
      "license": "MIT",
      "engines": {
        "node": ">=22.7.x"
      },
      "peerDependencies": {
        "@types/node": ">=22.7.x"
      }
    },
    "node_modules/@aniojs/node-fs-resolve": {
      "version": "0.0.1",
      "resolved": "https://registry.npmjs.org/@aniojs/node-fs-resolve/-/node-fs-resolve-0.0.1.tgz",
      "integrity": "sha512-oTF1kTc+Q4oPdUfSRJpowviGZFXnSfE6gaNzirEL638lXITNHYeyzHUvzP195nUXe1yGwzn0T1n1GYO5qAgj2w==",
      "dev": true,
      "license": "MIT",
      "engines": {
        "node": ">=22.7.x"
      },
      "peerDependencies": {
        "@types/node": ">=22.7.x"
      }
    },
    "node_modules/@aniojs/node-fs-scandir": {
      "version": "0.2.2",
      "resolved": "https://registry.npmjs.org/@aniojs/node-fs-scandir/-/node-fs-scandir-0.2.2.tgz",
      "integrity": "sha512-iC5lorimgAMMKKY4mFiX+MXGra6xdHbFOTtuD7YrD9Vy7tYaDJrbbp0Ht5h0ySaqcXKoBiEBmA1++uzBTVB5Dw==",
      "dev": true,
      "license": "MIT",
      "engines": {
        "node": ">=22.7.x"
      },
      "peerDependencies": {
        "@types/node": ">=22.7.x"
      }
    },
    "node_modules/@aniojs/node-fs-tmp": {
      "version": "0.1.2",
      "resolved": "https://registry.npmjs.org/@aniojs/node-fs-tmp/-/node-fs-tmp-0.1.2.tgz",
      "integrity": "sha512-1iX+PY3SQwuzn2qc/8/FBNf6zAu6RPpjzJwxAUtXLcI2bpbSEL22UF+GmJWh8yTzmkSipmnfBbBZ+233AHjz6A==",
      "dev": true,
      "license": "MIT",
      "engines": {
        "node": ">=22.7.x"
      },
      "peerDependencies": {
        "@types/node": ">=22.7.x"
      }
    },
    "node_modules/@fourtune/core": {
      "version": "0.1101.0",
      "resolved": "https://registry.npmjs.org/@fourtune/core/-/core-0.1101.0.tgz",
      "integrity": "sha512-qUBTZj5GzvJnKbFbELy+nZCdJ/xKcSD234PtBf2/puoTY3gL/4ab5TEaAPZdtgxz+mOXREZ80SLEubBrwUV6aw==",
      "dev": true,
      "license": "MIT"
    },
    "node_modules/@fourtune/js-and-web-runtime-and-rollup-plugins": {
      "version": "0.32000.1",
      "resolved": "https://registry.npmjs.org/@fourtune/js-and-web-runtime-and-rollup-plugins/-/js-and-web-runtime-and-rollup-plugins-0.32000.1.tgz",
      "integrity": "sha512-h9r/wklvwINv+zikliLaTjrTCD2sGhP8dot1wRZwT8wY0le5eaMUHgOIy34TcNhmwJO2qMJjVAdgmiHoHtGa5g==",
      "dev": true,
      "license": "MIT"
    },
    "node_modules/@fourtune/realm-js": {
      "version": "0.31000.5",
      "resolved": "https://registry.npmjs.org/@fourtune/realm-js/-/realm-js-0.31000.5.tgz",
      "integrity": "sha512-8y8szN834Fr6/tSrEl/Q7srrBWBNleJX6JK0fE1q4hVeBOTGNvg/TVWUua9sWNuQ+WkfgWksYhhxe9ZpmiUCYw==",
      "dev": true,
      "license": "MIT",
      "dependencies": {
        "@anio-software/fs": "0.6.0",
        "@fourtune/js-and-web-runtime-and-rollup-plugins": "^0.32000.1"
      },
      "peerDependencies": {
        "@fourtune/core": "0.x",
        "@types/node": "22.x"
      }
    },
    "node_modules/@types/node": {
      "version": "22.10.1",
      "resolved": "https://registry.npmjs.org/@types/node/-/node-22.10.1.tgz",
      "integrity": "sha512-qKgsUwfHZV2WCWLAnVP1JqnpE6Im6h3Y0+fYgMTasNQ7V++CBX5OT1as0g0f+OyubbFqhf6XVNIsmN4IIhEgGQ==",
      "license": "MIT",
      "peer": true,
      "dependencies": {
        "undici-types": "~6.20.0"
      }
    },
    "node_modules/fourtune": {
      "version": "0.30000.1",
      "resolved": "https://registry.npmjs.org/fourtune/-/fourtune-0.30000.1.tgz",
      "integrity": "sha512-6Y+lhs+Yiq0QapLtj5lKSKXrDKm/cU3ZJaismYF+xUGRMMkKIVH/w4nlPooBu6wf/UHDPa11i8+5YUGqWe2/9Q==",
      "dev": true,
      "license": "MIT",
      "dependencies": {
        "@anio-js-foundation/str-colorize": "^2.1.0",
        "@anio-node-foundation/cli-parse-args": "^3.0.0",
        "@anio-software/fs": "^0.6.0"
      },
      "bin": {
        "fourtune": "src/cli.mjs"
      },
      "peerDependencies": {
        "@fourtune/core": "0.x"
      }
    },
    "node_modules/undici-types": {
      "version": "6.20.0",
      "resolved": "https://registry.npmjs.org/undici-types/-/undici-types-6.20.0.tgz",
      "integrity": "sha512-Ny6QZ2Nju20vw1SRHe3d9jVu6gJ+4e3+MMpqu7pqE5HT6WsTSlce++GQmK5UXS8mzV8DSYHrQH+Xrf2jVcuKNg==",
      "license": "MIT",
      "peer": true
    }
  }
}
