{
  "name": "@anio-software/pkg.node-fs",
  "version": "0.0.21",
  "lockfileVersion": 3,
  "requires": true,
  "packages": {
    "": {
      "name": "@anio-software/pkg.node-fs",
      "version": "0.0.21",
      "license": "MIT",
      "devDependencies": {
        "@anio-software/enkore": "^0.0.190",
        "@anio-software/enkore.core": "^0.13.1",
        "@anio-software/enkore.target-js-node": "^0.0.404",
        "@anio-software/pkg.node-fs-copy": "^0.0.21",
        "@anio-software/pkg.node-fs-file": "^0.0.21",
        "@anio-software/pkg.node-fs-is": "^0.0.22",
        "@anio-software/pkg.node-fs-mkdir": "^0.0.21",
        "@anio-software/pkg.node-fs-path-type": "^0.0.22",
        "@anio-software/pkg.node-fs-remove": "^0.0.21",
        "@anio-software/pkg.node-fs-resolve": "^0.0.21",
        "@anio-software/pkg.node-fs-scandir": "^0.0.21",
        "@anio-software/pkg.node-fs-stat-path": "^0.0.22",
        "@anio-software/pkg.node-fs-tmp": "^0.0.22"
      }
    },
    "node_modules/@anio-software/enkore": {
      "version": "0.0.190",
      "resolved": "https://npm-registry.anio.software/@anio-software/enkore/-/enkore-0.0.190.tgz",
      "integrity": "sha512-4wqBnUmnkFMXwM7qTmQKbBiPUHYpYULMIIbQzSjL0IFkVvSGwH2KMg14tSrqIfeJKRHiasHVyq5oK7VG+08EyA==",
      "dev": true,
      "license": "MIT",
      "bin": {
        "enkore": "bin/enkore.mjs"
      },
      "engines": {
        "node": ">=23.6.x"
      }
    },
    "node_modules/@anio-software/enkore.core": {
      "version": "0.13.1",
      "resolved": "https://npm-registry.anio.software/@anio-software/enkore.core/-/enkore.core-0.13.1.tgz",
      "integrity": "sha512-l9rf04AUQEbeA0jBa7OqHblJnw1K3xxPikV6jgcfwb+dDKRYR2mRz9ZitaHvuqj6O8anqVdboy5eDQak9ezG0g==",
      "dev": true,
      "license": "MIT",
      "engines": {
        "node": ">=23.6.x"
      }
    },
    "node_modules/@anio-software/enkore.js-runtime": {
      "version": "0.0.22",
      "resolved": "https://npm-registry.anio.software/@anio-software/enkore.js-runtime/-/enkore.js-runtime-0.0.22.tgz",
      "integrity": "sha512-D/ZhTWQ5AjViee387aMY2Y9R+qnZRyACqNV2H7o/5tlUmb6UbaMzuE/OwDGB0geAVNjFqs6XmDJYyyF9CrZCSw==",
      "dev": true,
      "license": "MIT",
      "peer": true,
      "engines": {
        "node": ">=23.6.x"
      }
    },
    "node_modules/@anio-software/enkore.target-js-node": {
      "version": "0.0.404",
      "resolved": "https://npm-registry.anio.software/@anio-software/enkore.target-js-node/-/enkore.target-js-node-0.0.404.tgz",
      "integrity": "sha512-tDk/xRUMQulSgLXVebrn5jT6R/HLcMGvTlkUpJaPYjEzm4yO4clBnxpEQkIFxgislBrUChlfB3kKFF2SX0uJjw==",
      "dev": true,
      "license": "MIT",
      "peerDependencies": {
        "@anio-software/enkore.js-runtime": ">=0.0.22",
        "@types/node": ">=22.7.x"
      }
    },
    "node_modules/@anio-software/pkg.node-fs-copy": {
      "version": "0.0.21",
      "resolved": "https://npm-registry.anio.software/@anio-software/pkg.node-fs-copy/-/pkg.node-fs-copy-0.0.21.tgz",
      "integrity": "sha512-av2HXQQr4QlHp3Hi/P0ThgX1uGlVgjphu3nLThI9eiFKzdNnMPQL6VowKYDfEdNQVJ7xk1f1vUsh6zqtldqQcA==",
      "dev": true,
      "license": "MIT",
      "engines": {
        "node": ">=23.6.x"
      }
    },
    "node_modules/@anio-software/pkg.node-fs-file": {
      "version": "0.0.21",
      "resolved": "https://npm-registry.anio.software/@anio-software/pkg.node-fs-file/-/pkg.node-fs-file-0.0.21.tgz",
      "integrity": "sha512-aDmWHnrq8THO/Ea5YejE0aWaqIdqlEChllDD/tLWJRNR13BgZAllwXevQQb9XWXVgIpMcMdTywCkTuZ/wG6cww==",
      "dev": true,
      "license": "MIT",
      "engines": {
        "node": ">=23.6.x"
      }
    },
    "node_modules/@anio-software/pkg.node-fs-is": {
      "version": "0.0.22",
      "resolved": "https://npm-registry.anio.software/@anio-software/pkg.node-fs-is/-/pkg.node-fs-is-0.0.22.tgz",
      "integrity": "sha512-t+Nnypbx9NbJhM1qX8eMkdan+1HMV/bX0oD+k/ydeZFyW04+a9Tg1eENbsIS4sd7Uma/ox4M+BLvPzA0j4eztA==",
      "dev": true,
      "license": "MIT",
      "engines": {
        "node": ">=23.6.x"
      }
    },
    "node_modules/@anio-software/pkg.node-fs-mkdir": {
      "version": "0.0.21",
      "resolved": "https://npm-registry.anio.software/@anio-software/pkg.node-fs-mkdir/-/pkg.node-fs-mkdir-0.0.21.tgz",
      "integrity": "sha512-D4jXQhGAyXEqoZHyNMrVYfTZ5H+36Ix/T7lt7gmrn3gCvlVXwVmHkE1+NBK0Gt6vEGnsVchJUnXeJR+Ud4pwqA==",
      "dev": true,
      "license": "MIT",
      "engines": {
        "node": ">=23.6.x"
      }
    },
    "node_modules/@anio-software/pkg.node-fs-path-type": {
      "version": "0.0.22",
      "resolved": "https://npm-registry.anio.software/@anio-software/pkg.node-fs-path-type/-/pkg.node-fs-path-type-0.0.22.tgz",
      "integrity": "sha512-Ai5Yrw4bYMQHvQ32akTNIbhvHeVnYy/v9X1gBkh2M/oLRvBZvgddR++nIpEIW1fR8uDbnnxXOVk8YYRG5Q9VvA==",
      "dev": true,
      "license": "MIT",
      "engines": {
        "node": ">=23.6.x"
      }
    },
    "node_modules/@anio-software/pkg.node-fs-remove": {
      "version": "0.0.21",
      "resolved": "https://npm-registry.anio.software/@anio-software/pkg.node-fs-remove/-/pkg.node-fs-remove-0.0.21.tgz",
      "integrity": "sha512-I7dvAJzAC+V9FiGNIvU4YaADLuhHkLWGogwU81/eNxekmaMh9CmGGYe21DtqwHpyhliIZLLVTozvqr5FkY68Kw==",
      "dev": true,
      "license": "MIT",
      "engines": {
        "node": ">=23.6.x"
      }
    },
    "node_modules/@anio-software/pkg.node-fs-resolve": {
      "version": "0.0.21",
      "resolved": "https://npm-registry.anio.software/@anio-software/pkg.node-fs-resolve/-/pkg.node-fs-resolve-0.0.21.tgz",
      "integrity": "sha512-p5EyiVFck58DYMRX0cfbPLXq2a/vnWVRvKe1bmOQEAqgiH6bRhqg2kgdcc5HIYXB9lB/B6kh7NyjX80P+sgb9A==",
      "dev": true,
      "license": "MIT",
      "engines": {
        "node": ">=23.6.x"
      }
    },
    "node_modules/@anio-software/pkg.node-fs-scandir": {
      "version": "0.0.21",
      "resolved": "https://npm-registry.anio.software/@anio-software/pkg.node-fs-scandir/-/pkg.node-fs-scandir-0.0.21.tgz",
      "integrity": "sha512-dSyVspHt57EFLCk5rlhskabFyXLjRPMsmW1XPCj9SAAd9uiwuTWgTS4NOCKaJG/4BYwhgyLDK+D2KaD2hETKmg==",
      "dev": true,
      "license": "MIT",
      "engines": {
        "node": ">=23.6.x"
      }
    },
    "node_modules/@anio-software/pkg.node-fs-stat-path": {
      "version": "0.0.22",
      "resolved": "https://npm-registry.anio.software/@anio-software/pkg.node-fs-stat-path/-/pkg.node-fs-stat-path-0.0.22.tgz",
      "integrity": "sha512-k+WSE0h/p80QQcfMlDCC9LO45hjPPFqT1EEL2nyDQTWy7BNIR3fp1j/7M/lWMWTsP3Fh8MLV4xnxlvQsEqsCrg==",
      "dev": true,
      "license": "MIT",
      "engines": {
        "node": ">=23.6.x"
      }
    },
    "node_modules/@anio-software/pkg.node-fs-tmp": {
      "version": "0.0.22",
      "resolved": "https://npm-registry.anio.software/@anio-software/pkg.node-fs-tmp/-/pkg.node-fs-tmp-0.0.22.tgz",
      "integrity": "sha512-/lgZeUVIENZr8Ao97CyAa1972gMLs9iAXngqhrh8kd1EH1WWf9fJucBaHHSNBQDk7Agtm8VuVqJm2pifycmJuA==",
      "dev": true,
      "license": "MIT",
      "engines": {
        "node": ">=23.6.x"
      }
    },
    "node_modules/@types/node": {
      "version": "22.10.1",
      "resolved": "https://registry.npmjs.org/@types/node/-/node-22.10.1.tgz",
      "integrity": "sha512-qKgsUwfHZV2WCWLAnVP1JqnpE6Im6h3Y0+fYgMTasNQ7V++CBX5OT1as0g0f+OyubbFqhf6XVNIsmN4IIhEgGQ==",
      "dev": true,
      "license": "MIT",
      "peer": true,
      "dependencies": {
        "undici-types": "~6.20.0"
      }
    },
    "node_modules/undici-types": {
      "version": "6.20.0",
      "resolved": "https://registry.npmjs.org/undici-types/-/undici-types-6.20.0.tgz",
      "integrity": "sha512-Ny6QZ2Nju20vw1SRHe3d9jVu6gJ+4e3+MMpqu7pqE5HT6WsTSlce++GQmK5UXS8mzV8DSYHrQH+Xrf2jVcuKNg==",
      "dev": true,
      "license": "MIT",
      "peer": true
    }
  }
}
