{
  "name": "@aniojs/node-fs",
  "version": "0.5.3",
  "lockfileVersion": 3,
  "requires": true,
  "packages": {
    "": {
      "name": "@aniojs/node-fs",
      "version": "0.5.3",
      "license": "MIT",
      "devDependencies": {
        "@aniojs/node-fs-clean-directory": "^0.1.5",
        "@aniojs/node-fs-copy": "^0.1.4",
        "@aniojs/node-fs-file": "^0.3.2",
        "@aniojs/node-fs-is": "^0.1.5",
        "@aniojs/node-fs-mkdirp": "^0.1.5",
        "@aniojs/node-fs-path-type": "^1.0.6",
        "@aniojs/node-fs-remove": "^0.1.7",
        "@aniojs/node-fs-resolve": "^0.0.3",
        "@aniojs/node-fs-scandir": "^0.3.0",
        "@aniojs/node-fs-tmp": "^0.1.4",
        "@fourtune/core": "^0.1101.0",
        "@fourtune/realm-js": "^1.0.5",
        "fourtune": "^0.30000.1"
      },
      "engines": {
        "node": ">=22.7.x"
      },
      "peerDependencies": {
        "@types/node": ">=22.7.x"
      }
    },
    "node_modules/@anio-js-foundation/str-colorize": {
      "version": "2.1.0",
      "resolved": "https://registry.npmjs.org/@anio-js-foundation/str-colorize/-/str-colorize-2.1.0.tgz",
      "integrity": "sha512-p3ZIaBZGdMzX52jdHHlhl2c2sgqhhvtBQ6AQSoQ5lmvkpmDZga9/b172xhrSRx0gQH8/g94m+5wRwUjBOh6Z0w==",
      "dev": true
    },
    "node_modules/@anio-node-foundation/cli-parse-args": {
      "version": "3.0.0",
      "resolved": "https://registry.npmjs.org/@anio-node-foundation/cli-parse-args/-/cli-parse-args-3.0.0.tgz",
      "integrity": "sha512-1/4iUcVKuZyLT7EMxyZogXgU6RfWklohWU0g5hsGOUEBqgKQ4PgePDrO6mUMw6neCBuQLbxAEhD/K+9kg6lGgg==",
      "dev": true
    },
    "node_modules/@anio-software/fs": {
      "version": "0.6.0",
      "resolved": "https://registry.npmjs.org/@anio-software/fs/-/fs-0.6.0.tgz",
      "integrity": "sha512-wjVq+gY+tqovkE2aXnBoAL7k4yycvLvcRitLIT05TmjvafbnG/7kfsqqGlIaZaoZC3Jd/F6+c+b+P1YMCZD8KQ==",
      "dev": true,
      "license": "MIT"
    },
    "node_modules/@aniojs/node-fs-clean-directory": {
      "version": "0.1.5",
      "resolved": "https://registry.npmjs.org/@aniojs/node-fs-clean-directory/-/node-fs-clean-directory-0.1.5.tgz",
      "integrity": "sha512-T1RuZKZ9hq4rg9rjL44irgnIZLfIGvbXONF3NOx2U+5G1prf8wNSj90tt4rSyZDOPnBsv6arDWNf39hXkfAAvQ==",
      "dev": true,
      "license": "MIT",
      "engines": {
        "node": ">=22.7.x"
      },
      "peerDependencies": {
        "@types/node": ">=22.7.x"
      }
    },
    "node_modules/@aniojs/node-fs-copy": {
      "version": "0.1.4",
      "resolved": "https://registry.npmjs.org/@aniojs/node-fs-copy/-/node-fs-copy-0.1.4.tgz",
      "integrity": "sha512-SDngEqnh9uWnCSe8BhbL7/iQkkrcSuCs+OH3kRAk+IKOaEhyOU8h0YBH5f9EYQSk+B5U9gIhORA7ktdyKIesCA==",
      "dev": true,
      "license": "MIT",
      "engines": {
        "node": ">=22.7.x"
      },
      "peerDependencies": {
        "@types/node": ">=22.7.x"
      }
    },
    "node_modules/@aniojs/node-fs-file": {
      "version": "0.3.2",
      "resolved": "https://registry.npmjs.org/@aniojs/node-fs-file/-/node-fs-file-0.3.2.tgz",
      "integrity": "sha512-aPLu3lepZrQmPrfrgK3ovPQneHkpUboVobnUwkoKHLY2Zzw/CtdwQcWznIrOcNn9XXmWi6HhCfKXbCETnq9iPA==",
      "dev": true,
      "license": "MIT",
      "engines": {
        "node": ">=22.7.x"
      },
      "peerDependencies": {
        "@types/node": ">=22.7.x"
      }
    },
    "node_modules/@aniojs/node-fs-is": {
      "version": "0.1.5",
      "resolved": "https://registry.npmjs.org/@aniojs/node-fs-is/-/node-fs-is-0.1.5.tgz",
      "integrity": "sha512-csH1XvSTX2B8FIePEcoYQEDi39KUhzNMpqdenVILh4sNjs3YFZ8z1aE/ipnnSlRyI+RxQTofCROe2JVUcp7DQg==",
      "dev": true,
      "license": "MIT",
      "engines": {
        "node": ">=22.7.x"
      },
      "peerDependencies": {
        "@types/node": ">=22.7.x"
      }
    },
    "node_modules/@aniojs/node-fs-mkdirp": {
      "version": "0.1.5",
      "resolved": "https://registry.npmjs.org/@aniojs/node-fs-mkdirp/-/node-fs-mkdirp-0.1.5.tgz",
      "integrity": "sha512-ITzK1rKKOTHEhksYR6gs4uFeZLVRP0pQTTYBan6qmK/2jmKsV/ZQggnwnkpEj/UapEyYgcfWgGMt/S0by2Hg8A==",
      "dev": true,
      "license": "MIT",
      "engines": {
        "node": ">=22.7.x"
      },
      "peerDependencies": {
        "@types/node": ">=22.7.x"
      }
    },
    "node_modules/@aniojs/node-fs-path-type": {
      "version": "1.0.6",
      "resolved": "https://registry.npmjs.org/@aniojs/node-fs-path-type/-/node-fs-path-type-1.0.6.tgz",
      "integrity": "sha512-2ReDFru1DceGXW9nI0s8GHA+zZiCl4gjclwZfiKBKPAqkJJMMytrOZAxXQIJ8Gyn1llMxHM06kZd8cjM/kI4ZQ==",
      "dev": true,
      "license": "MIT",
      "engines": {
        "node": ">=22.7.x"
      },
      "peerDependencies": {
        "@types/node": ">=22.7.x"
      }
    },
    "node_modules/@aniojs/node-fs-remove": {
      "version": "0.1.7",
      "resolved": "https://registry.npmjs.org/@aniojs/node-fs-remove/-/node-fs-remove-0.1.7.tgz",
      "integrity": "sha512-7bsE8K9vXr3q/YD94qfVZoYFfnE7TngI9t1GrE8wV8CS30Rr0rH8ZPXH+YOEJRGpJs5tcwuvoX/ZXiAp4UrZRA==",
      "dev": true,
      "license": "MIT",
      "engines": {
        "node": ">=22.7.x"
      },
      "peerDependencies": {
        "@types/node": ">=22.7.x"
      }
    },
    "node_modules/@aniojs/node-fs-resolve": {
      "version": "0.0.3",
      "resolved": "https://registry.npmjs.org/@aniojs/node-fs-resolve/-/node-fs-resolve-0.0.3.tgz",
      "integrity": "sha512-75LVM5YdwlDjCZ4rCVkLA0+8uPZBXQ9ejsYVqsdF+33iZYwqEs6HFXwOulrrpS2XIAQ1jTiCjkk0g7LSlyTHmA==",
      "dev": true,
      "license": "MIT",
      "engines": {
        "node": ">=22.7.x"
      },
      "peerDependencies": {
        "@types/node": ">=22.7.x"
      }
    },
    "node_modules/@aniojs/node-fs-scandir": {
      "version": "0.3.0",
      "resolved": "https://registry.npmjs.org/@aniojs/node-fs-scandir/-/node-fs-scandir-0.3.0.tgz",
      "integrity": "sha512-T/7x5qa8OyyYvSX/+Mgv7BZvWvCTf4rDdwUHzw6AICNuZCC5soSEZFwIMxphhC/pVOzmJU4Yt88fR1VNu5w+DQ==",
      "dev": true,
      "license": "MIT",
      "engines": {
        "node": ">=22.7.x"
      },
      "peerDependencies": {
        "@types/node": ">=22.7.x"
      }
    },
    "node_modules/@aniojs/node-fs-tmp": {
      "version": "0.1.4",
      "resolved": "https://registry.npmjs.org/@aniojs/node-fs-tmp/-/node-fs-tmp-0.1.4.tgz",
      "integrity": "sha512-2GR4a0cyB6oUNQuoD9zTcjmR1ep+cObv9j0jMvPV3okHxlq6MBWwhPwGZL00tUAdigmrMF1s5RTBE2M9aXSq7A==",
      "dev": true,
      "license": "MIT",
      "engines": {
        "node": ">=22.7.x"
      },
      "peerDependencies": {
        "@types/node": ">=22.7.x"
      }
    },
    "node_modules/@fourtune/core": {
      "version": "0.1101.0",
      "resolved": "https://registry.npmjs.org/@fourtune/core/-/core-0.1101.0.tgz",
      "integrity": "sha512-qUBTZj5GzvJnKbFbELy+nZCdJ/xKcSD234PtBf2/puoTY3gL/4ab5TEaAPZdtgxz+mOXREZ80SLEubBrwUV6aw==",
      "dev": true,
      "license": "MIT"
    },
    "node_modules/@fourtune/js-and-web-runtime-and-rollup-plugins": {
      "version": "0.35000.0",
      "resolved": "https://registry.npmjs.org/@fourtune/js-and-web-runtime-and-rollup-plugins/-/js-and-web-runtime-and-rollup-plugins-0.35000.0.tgz",
      "integrity": "sha512-onzdCoWtrTcWLVO/7EJ1lYMQAhrdLr/RmCZNY20j1XV6nRrZzTMrN5hY3nEJezLLPqtQSprNshL0LhITU0/syg==",
      "dev": true,
      "license": "MIT"
    },
    "node_modules/@fourtune/realm-js": {
      "version": "1.0.5",
      "resolved": "https://registry.npmjs.org/@fourtune/realm-js/-/realm-js-1.0.5.tgz",
      "integrity": "sha512-b3SzLmmP4Aw084mRkuzI3KhBZhAJq5Ji0CizV19PJIPSqcGFVA7BQqMubPK0zOV1GEUkDz9jGz/MSnMVvRnyog==",
      "dev": true,
      "license": "MIT",
      "dependencies": {
        "@anio-software/fs": "0.6.0",
        "@fourtune/js-and-web-runtime-and-rollup-plugins": "^0.35000.0"
      },
      "peerDependencies": {
        "@fourtune/core": "0.x",
        "@types/node": "22.x"
      }
    },
    "node_modules/@types/node": {
      "version": "22.10.1",
      "resolved": "https://registry.npmjs.org/@types/node/-/node-22.10.1.tgz",
      "integrity": "sha512-qKgsUwfHZV2WCWLAnVP1JqnpE6Im6h3Y0+fYgMTasNQ7V++CBX5OT1as0g0f+OyubbFqhf6XVNIsmN4IIhEgGQ==",
      "license": "MIT",
      "peer": true,
      "dependencies": {
        "undici-types": "~6.20.0"
      }
    },
    "node_modules/fourtune": {
      "version": "0.30000.1",
      "resolved": "https://registry.npmjs.org/fourtune/-/fourtune-0.30000.1.tgz",
      "integrity": "sha512-6Y+lhs+Yiq0QapLtj5lKSKXrDKm/cU3ZJaismYF+xUGRMMkKIVH/w4nlPooBu6wf/UHDPa11i8+5YUGqWe2/9Q==",
      "dev": true,
      "license": "MIT",
      "dependencies": {
        "@anio-js-foundation/str-colorize": "^2.1.0",
        "@anio-node-foundation/cli-parse-args": "^3.0.0",
        "@anio-software/fs": "^0.6.0"
      },
      "bin": {
        "fourtune": "src/cli.mjs"
      },
      "peerDependencies": {
        "@fourtune/core": "0.x"
      }
    },
    "node_modules/undici-types": {
      "version": "6.20.0",
      "resolved": "https://registry.npmjs.org/undici-types/-/undici-types-6.20.0.tgz",
      "integrity": "sha512-Ny6QZ2Nju20vw1SRHe3d9jVu6gJ+4e3+MMpqu7pqE5HT6WsTSlce++GQmK5UXS8mzV8DSYHrQH+Xrf2jVcuKNg==",
      "license": "MIT",
      "peer": true
    }
  }
}
